
Microsoft Visual Studio Solution File, Format Version 12.00
# Visual Studio Version 17
VisualStudioVersion = 17.11.35327.3
MinimumVisualStudioVersion = 10.0.40219.1
Project("{FAE04EC0-301F-11D3-BF4B-00C04F79EFBC}") = "Number", "Number\Number.csproj", "{EA29939C-BDDE-40F2-B1F7-528C17FD7849}"
EndProject
Project("{2150E333-8FDC-42A3-9474-1A3956D46DE8}") = "Элементы решения", "Элементы решения", "{666E0ABF-BD07-47B6-87AC-B5ED0719818D}"
	ProjectSection(SolutionItems) = preProject
		NumberGenerator.cs = NumberGenerator.cs
	EndProjectSection
EndProject
Global
	GlobalSection(SolutionConfigurationPlatforms) = preSolution
		Debug|Any CPU = Debug|Any CPU
		Release|Any CPU = Release|Any CPU
	EndGlobalSection
	GlobalSection(ProjectConfigurationPlatforms) = postSolution
		{EA29939C-BDDE-40F2-B1F7-528C17FD7849}.Debug|Any CPU.ActiveCfg = Debug|Any CPU
		{EA29939C-BDDE-40F2-B1F7-528C17FD7849}.Debug|Any CPU.Build.0 = Debug|Any CPU
		{EA29939C-BDDE-40F2-B1F7-528C17FD7849}.Release|Any CPU.ActiveCfg = Release|Any CPU
		{EA29939C-BDDE-40F2-B1F7-528C17FD7849}.Release|Any CPU.Build.0 = Release|Any CPU
	EndGlobalSection
	GlobalSection(SolutionProperties) = preSolution
		HideSolutionNode = FALSE
	EndGlobalSection
	GlobalSection(ExtensibilityGlobals) = postSolution
		SolutionGuid = {17222AAA-5B10-4BC5-A029-A6768391DF7B}
	EndGlobalSection
EndGlobal
